// !$*UTF8*$!
{
	archiveVersion = 1;
	classes = {
	};
	objectVersion = 46;
	objects = {

/* Begin PBXBuildFile section */
		0DCDDD30169F62D5009247DE /* UIKit.framework in Frameworks */ = {isa = PBXBuildFile; fileRef = 0DCDDD2F169F62D5009247DE /* UIKit.framework */; };
		0DCDDD32169F62D5009247DE /* Foundation.framework in Frameworks */ = {isa = PBXBuildFile; fileRef = 0DCDDD31169F62D5009247DE /* Foundation.framework */; };
		0DCDDD34169F62D5009247DE /* CoreGraphics.framework in Frameworks */ = {isa = PBXBuildFile; fileRef = 0DCDDD33169F62D5009247DE /* CoreGraphics.framework */; };
		0DCDDD3A169F62D5009247DE /* InfoPlist.strings in Resources */ = {isa = PBXBuildFile; fileRef = 0DCDDD38169F62D5009247DE /* InfoPlist.strings */; };
		0DCDDD3C169F62D5009247DE /* main.m in Sources */ = {isa = PBXBuildFile; fileRef = 0DCDDD3B169F62D5009247DE /* main.m */; };
		0DCDDD40169F62D5009247DE /* AppDelegate.m in Sources */ = {isa = PBXBuildFile; fileRef = 0DCDDD3F169F62D5009247DE /* AppDelegate.m */; };
		0DCDDD49169F6321009247DE /* MainView.m in Sources */ = {isa = PBXBuildFile; fileRef = 0DCDDD47169F6321009247DE /* MainView.m */; };
		0DCDDD4A169F6321009247DE /* MainView.xib in Resources */ = {isa = PBXBuildFile; fileRef = 0DCDDD48169F6321009247DE /* MainView.xib */; };
		0DCDDD50169F6B54009247DE /* Layer 1.png in Resources */ = {isa = PBXBuildFile; fileRef = 0DCDDD4F169F6B54009247DE /* Layer 1.png */; };
/* End PBXBuildFile section */

/* Begin PBXFileReference section */
		0DCDDD2B169F62D5009247DE /* MakeMan.app */ = {isa = PBXFileReference; explicitFileType = wrapper.application; includeInIndex = 0; path = MakeMan.app; sourceTree = BUILT_PRODUCTS_DIR; };
		0DCDDD2F169F62D5009247DE /* UIKit.framework */ = {isa = PBXFileReference; lastKnownFileType = wrapper.framework; name = UIKit.framework; path = System/Library/Frameworks/UIKit.framework; sourceTree = SDKROOT; };
		0DCDDD31169F62D5009247DE /* Foundation.framework */ = {isa = PBXFileReference; lastKnownFileType = wrapper.framework; name = Foundation.framework; path = System/Library/Frameworks/Foundation.framework; sourceTree = SDKROOT; };
		0DCDDD33169F62D5009247DE /* CoreGraphics.framework */ = {isa = PBXFileReference; lastKnownFileType = wrapper.framework; name = CoreGraphics.framework; path = System/Library/Frameworks/CoreGraphics.framework; sourceTree = SDKROOT; };
		0DCDDD37169F62D5009247DE /* MakeMan-Info.plist */ = {isa = PBXFileReference; lastKnownFileType = text.plist.xml; path = "MakeMan-Info.plist"; sourceTree = "<group>"; };
		0DCDDD39169F62D5009247DE /* en */ = {isa = PBXFileReference; lastKnownFileType = text.plist.strings; name = en; path = en.lproj/InfoPlist.strings; sourceTree = "<group>"; };
		0DCDDD3B169F62D5009247DE /* main.m */ = {isa = PBXFileReference; lastKnownFileType = sourcecode.c.objc; path = main.m; sourceTree = "<group>"; };
		0DCDDD3D169F62D5009247DE /* MakeMan-Prefix.pch */ = {isa = PBXFileReference; lastKnownFileType = sourcecode.c.h; path = "MakeMan-Prefix.pch"; sourceTree = "<group>"; };
		0DCDDD3E169F62D5009247DE /* AppDelegate.h */ = {isa = PBXFileReference; lastKnownFileType = sourcecode.c.h; path = AppDelegate.h; sourceTree = "<group>"; };
		0DCDDD3F169F62D5009247DE /* AppDelegate.m */ = {isa = PBXFileReference; lastKnownFileType = sourcecode.c.objc; path = AppDelegate.m; sourceTree = "<group>"; };
		0DCDDD46169F6321009247DE /* MainView.h */ = {isa = PBXFileReference; fileEncoding = 4; lastKnownFileType = sourcecode.c.h; path = MainView.h; sourceTree = "<group>"; };
		0DCDDD47169F6321009247DE /* MainView.m */ = {isa = PBXFileReference; fileEncoding = 4; lastKnownFileType = sourcecode.c.objc; path = MainView.m; sourceTree = "<group>"; };
		0DCDDD48169F6321009247DE /* MainView.xib */ = {isa = PBXFileReference; fileEncoding = 4; lastKnownFileType = file.xib; path = MainView.xib; sourceTree = "<group>"; };
		0DCDDD4F169F6B54009247DE /* Layer 1.png */ = {isa = PBXFileReference; lastKnownFileType = image.png; path = "Layer 1.png"; sourceTree = SOURCE_ROOT; };
/* End PBXFileReference section */

/* Begin PBXFrameworksBuildPhase section */
		0DCDDD28169F62D5009247DE /* Frameworks */ = {
			isa = PBXFrameworksBuildPhase;
			buildActionMask = 2147483647;
			files = (
				0DCDDD30169F62D5009247DE /* UIKit.framework in Frameworks */,
				0DCDDD32169F62D5009247DE /* Foundation.framework in Frameworks */,
				0DCDDD34169F62D5009247DE /* CoreGraphics.framework in Frameworks */,
			);
			runOnlyForDeploymentPostprocessing = 0;
		};
/* End PBXFrameworksBuildPhase section */

/* Begin PBXGroup section */
		0DCDDD20169F62D5009247DE = {
			isa = PBXGroup;
			children = (
				0DCDDD35169F62D5009247DE /* MakeMan */,
				0DCDDD2E169F62D5009247DE /* Frameworks */,
				0DCDDD2C169F62D5009247DE /* Products */,
			);
			sourceTree = "<group>";
		};
		0DCDDD2C169F62D5009247DE /* Products */ = {
			isa = PBXGroup;
			children = (
				0DCDDD2B169F62D5009247DE /* MakeMan.app */,
			);
			name = Products;
			sourceTree = "<group>";
		};
		0DCDDD2E169F62D5009247DE /* Frameworks */ = {
			isa = PBXGroup;
			children = (
				0DCDDD2F169F62D5009247DE /* UIKit.framework */,
				0DCDDD31169F62D5009247DE /* Foundation.framework */,
				0DCDDD33169F62D5009247DE /* CoreGraphics.framework */,
			);
			name = Frameworks;
			sourceTree = "<group>";
		};
		0DCDDD35169F62D5009247DE /* MakeMan */ = {
			isa = PBXGroup;
			children = (
				0DCDDD3E169F62D5009247DE /* AppDelegate.h */,
				0DCDDD3F169F62D5009247DE /* AppDelegate.m */,
				0DCDDD36169F62D5009247DE /* Supporting Files */,
				0DCDDD46169F6321009247DE /* MainView.h */,
				0DCDDD47169F6321009247DE /* MainView.m */,
				0DCDDD48169F6321009247DE /* MainView.xib */,
			);
			path = MakeMan;
			sourceTree = "<group>";
		};
		0DCDDD36169F62D5009247DE /* Supporting Files */ = {
			isa = PBXGroup;
			children = (
				0DCDDD4F169F6B54009247DE /* Layer 1.png */,
				0DCDDD37169F62D5009247DE /* MakeMan-Info.plist */,
				0DCDDD38169F62D5009247DE /* InfoPlist.strings */,
				0DCDDD3B169F62D5009247DE /* main.m */,
				0DCDDD3D169F62D5009247DE /* MakeMan-Prefix.pch */,
			);
			name = "Supporting Files";
			sourceTree = "<group>";
		};
/* End PBXGroup section */

/* Begin PBXNativeTarget section */
		0DCDDD2A169F62D5009247DE /* MakeMan */ = {
			isa = PBXNativeTarget;
			buildConfigurationList = 0DCDDD43169F62D5009247DE /* Build configuration list for PBXNativeTarget "MakeMan" */;
			buildPhases = (
				0DCDDD27169F62D5009247DE /* Sources */,
				0DCDDD28169F62D5009247DE /* Frameworks */,
				0DCDDD29169F62D5009247DE /* Resources */,
			);
			buildRules = (
			);
			dependencies = (
			);
			name = MakeMan;
			productName = MakeMan;
			productReference = 0DCDDD2B169F62D5009247DE /* MakeMan.app */;
			productType = "com.apple.product-type.application";
		};
/* End PBXNativeTarget section */

/* Begin PBXProject section */
		0DCDDD22169F62D5009247DE /* Project object */ = {
			isa = PBXProject;
			attributes = {
				LastUpgradeCheck = 0420;
			};
			buildConfigurationList = 0DCDDD25169F62D5009247DE /* Build configuration list for PBXProject "MakeMan" */;
			compatibilityVersion = "Xcode 3.2";
			developmentRegion = English;
			hasScannedForEncodings = 0;
			knownRegions = (
				en,
			);
			mainGroup = 0DCDDD20169F62D5009247DE;
			productRefGroup = 0DCDDD2C169F62D5009247DE /* Products */;
			projectDirPath = "";
			projectRoot = "";
			targets = (
				0DCDDD2A169F62D5009247DE /* MakeMan */,
			);
		};
/* End PBXProject section */

/* Begin PBXResourcesBuildPhase section */
		0DCDDD29169F62D5009247DE /* Resources */ = {
			isa = PBXResourcesBuildPhase;
			buildActionMask = 2147483647;
			files = (
				0DCDDD3A169F62D5009247DE /* InfoPlist.strings in Resources */,
				0DCDDD4A169F6321009247DE /* MainView.xib in Resources */,
				0DCDDD50169F6B54009247DE /* Layer 1.png in Resources */,
			);
			runOnlyForDeploymentPostprocessing = 0;
		};
/* End PBXResourcesBuildPhase section */

/* Begin PBXSourcesBuildPhase section */
		0DCDDD27169F62D5009247DE /* Sources */ = {
			isa = PBXSourcesBuildPhase;
			buildActionMask = 2147483647;
			files = (
				0DCDDD3C169F62D5009247DE /* main.m in Sources */,
				0DCDDD40169F62D5009247DE /* AppDelegate.m in Sources */,
				0DCDDD49169F6321009247DE /* MainView.m in Sources */,
			);
			runOnlyForDeploymentPostprocessing = 0;
		};
/* End PBXSourcesBuildPhase section */

/* Begin PBXVariantGroup section */
		0DCDDD38169F62D5009247DE /* InfoPlist.strings */ = {
			isa = PBXVariantGroup;
			children = (
				0DCDDD39169F62D5009247DE /* en */,
			);
			name = InfoPlist.strings;
			sourceTree = "<group>";
		};
/* End PBXVariantGroup section */

/* Begin XCBuildConfiguration section */
		0DCDDD41169F62D5009247DE /* Debug */ = {
			isa = XCBuildConfiguration;
			buildSettings = {
				ALWAYS_SEARCH_USER_PATHS = NO;
				ARCHS = "$(ARCHS_STANDARD_32_BIT)";
				"CODE_SIGN_IDENTITY[sdk=iphoneos*]" = "iPhone Developer";
				COPY_PHASE_STRIP = NO;
				GCC_C_LANGUAGE_STANDARD = gnu99;
				GCC_DYNAMIC_NO_PIC = NO;
				GCC_OPTIMIZATION_LEVEL = 0;
				GCC_PREPROCESSOR_DEFINITIONS = (
					"DEBUG=1",
					"$(inherited)",
				);
				GCC_SYMBOLS_PRIVATE_EXTERN = NO;
				GCC_VERSION = com.apple.compilers.llvm.clang.1_0;
				GCC_WARN_ABOUT_MISSING_PROTOTYPES = YES;
				GCC_WARN_ABOUT_RETURN_TYPE = YES;
				GCC_WARN_UNUSED_VARIABLE = YES;
				IPHONEOS_DEPLOYMENT_TARGET = 5.0;
				SDKROOT = iphoneos;
			};
			name = Debug;
		};
		0DCDDD42169F62D5009247DE /* Release */ = {
			isa = XCBuildConfiguration;
			buildSettings = {
				ALWAYS_SEARCH_USER_PATHS = NO;
				ARCHS = "$(ARCHS_STANDARD_32_BIT)";
				"CODE_SIGN_IDENTITY[sdk=iphoneos*]" = "iPhone Developer";
				COPY_PHASE_STRIP = YES;
				GCC_C_LANGUAGE_STANDARD = gnu99;
				GCC_VERSION = com.apple.compilers.llvm.clang.1_0;
				GCC_WARN_ABOUT_MISSING_PROTOTYPES = YES;
				GCC_WARN_ABOUT_RETURN_TYPE = YES;
				GCC_WARN_UNUSED_VARIABLE = YES;
				IPHONEOS_DEPLOYMENT_TARGET = 5.0;
				OTHER_CFLAGS = "-DNS_BLOCK_ASSERTIONS=1";
				SDKROOT = iphoneos;
				VALIDATE_PRODUCT = YES;
			};
			name = Release;
		};
		0DCDDD44169F62D5009247DE /* Debug */ = {
			isa = XCBuildConfiguration;
			buildSettings = {
				GCC_PRECOMPILE_PREFIX_HEADER = YES;
				GCC_PREFIX_HEADER = "MakeMan/MakeMan-Prefix.pch";
				INFOPLIST_FILE = "MakeMan/MakeMan-Info.plist";
				IPHONEOS_DEPLOYMENT_TARGET = 4.1;
				PRODUCT_NAME = "$(TARGET_NAME)";
				WRAPPER_EXTENSION = app;
			};
			name = Debug;
		};
		0DCDDD45169F62D5009247DE /* Release */ = {
			isa = XCBuildConfiguration;
			buildSettings = {
				GCC_PRECOMPILE_PREFIX_HEADER = YES;
				GCC_PREFIX_HEADER = "MakeMan/MakeMan-Prefix.pch";
				INFOPLIST_FILE = "MakeMan/MakeMan-Info.plist";
				IPHONEOS_DEPLOYMENT_TARGET = 4.1;
				PRODUCT_NAME = "$(TARGET_NAME)";
				WRAPPER_EXTENSION = app;
			};
			name = Release;
		};
/* End XCBuildConfiguration section */

/* Begin XCConfigurationList section */
		0DCDDD25169F62D5009247DE /* Build configuration list for PBXProject "MakeMan" */ = {
			isa = XCConfigurationList;
			buildConfigurations = (
				0DCDDD41169F62D5009247DE /* Debug */,
				0DCDDD42169F62D5009247DE /* Release */,
			);
			defaultConfigurationIsVisible = 0;
			defaultConfigurationName = Release;
		};
		0DCDDD43169F62D5009247DE /* Build configuration list for PBXNativeTarget "MakeMan" */ = {
			isa = XCConfigurationList;
			buildConfigurations = (
				0DCDDD44169F62D5009247DE /* Debug */,
				0DCDDD45169F62D5009247DE /* Release */,
			);
			defaultConfigurationIsVisible = 0;
		};
/* End XCConfigurationList section */
	};
	rootObject = 0DCDDD22169F62D5009247DE /* Project object */;
}
